
Microsoft Visual Studio Solution File, Format Version 12.00
# Visual Studio 15
VisualStudioVersion = 15.0.28307.1684
MinimumVisualStudioVersion = 10.0.40219.1
Project("{FAE04EC0-301F-11D3-BF4B-00C04F79EFBC}") = "week8_2", "week8_2.csproj", "{C91223DB-CE7E-4E1D-936F-E36990CBD626}"
EndProject
Global
	GlobalSection(SolutionConfigurationPlatforms) = preSolution
		Debug|Any CPU = Debug|Any CPU
		Release|Any CPU = Release|Any CPU
	EndGlobalSection
	GlobalSection(ProjectConfigurationPlatforms) = postSolution
		{C91223DB-CE7E-4E1D-936F-E36990CBD626}.Debug|Any CPU.ActiveCfg = Debug|Any CPU
		{C91223DB-CE7E-4E1D-936F-E36990CBD626}.Debug|Any CPU.Build.0 = Debug|Any CPU
		{C91223DB-CE7E-4E1D-936F-E36990CBD626}.Release|Any CPU.ActiveCfg = Release|Any CPU
		{C91223DB-CE7E-4E1D-936F-E36990CBD626}.Release|Any CPU.Build.0 = Release|Any CPU
	EndGlobalSection
	GlobalSection(SolutionProperties) = preSolution
		HideSolutionNode = FALSE
	EndGlobalSection
	GlobalSection(ExtensibilityGlobals) = postSolution
		SolutionGuid = {EDCA87AE-1567-4C10-B376-B03B9B36A762}
	EndGlobalSection
EndGlobal
